{
  "name": "firestorable",
  "version": "0.0.1",
  "lockfileVersion": 1,
  "requires": true,
  "dependencies": {
    "@firebase/app-types": {
      "version": "0.3.6",
      "resolved": "https://registry.npmjs.org/@firebase/app-types/-/app-types-0.3.6.tgz",
      "integrity": "sha512-zomffkbQhck6oidzSfFLvoMx7u7BiYVcJRnUPl0qSM5KDqlCZcFZYXxdCIzpjCXY37IR2qO1desqofYNqjJ4gg==",
      "dev": true
    },
    "@firebase/firestore-types": {
      "version": "1.1.0",
      "resolved": "https://registry.npmjs.org/@firebase/firestore-types/-/firestore-types-1.1.0.tgz",
      "integrity": "sha512-Sh7gDIHZDoSVHe9droJ026BD7UFO2pC63pQutZzfEH5sDxDlP1xAO5NMnahQN8//tviaOeKee/YSGYy4yMwOAg==",
      "dev": true
    },
    "firestore-ts-utils": {
      "version": "0.0.5",
      "resolved": "https://registry.npmjs.org/firestore-ts-utils/-/firestore-ts-utils-0.0.5.tgz",
      "integrity": "sha512-XtYCtuS1d4jp2xIp9Q94YBgqtGbun706UgcwUiKAPePoncYItgCPjTe+MQVBK+Gv7ve+Dz0r2sRNxjcLBsPCpw=="
    },
    "mobx": {
      "version": "5.9.0",
      "resolved": "https://registry.npmjs.org/mobx/-/mobx-5.9.0.tgz",
      "integrity": "sha512-D3mY1uM3H9BP5duk5tTanrOq92yqetYKsprPJWvkKDrbs+fro59xrpWX+vtr10YoLgJIFz+a4A8lI+4YtqmCUQ=="
    },
    "mobx-undefined-value": {
      "version": "1.0.0",
      "resolved": "https://registry.npmjs.org/mobx-undefined-value/-/mobx-undefined-value-1.0.0.tgz",
      "integrity": "sha512-9nEihEK15VY4t5PxaMoPUhwNdSbFk4Ab8RX+GKcMGWD6dVXzFX9uMTa2yFmH9Opa3A1cAg4yL20fmKoD9YodOg=="
    },
    "typescript": {
      "version": "3.3.3333",
      "resolved": "https://registry.npmjs.org/typescript/-/typescript-3.3.3333.tgz",
      "integrity": "sha512-JjSKsAfuHBE/fB2oZ8NxtRTk5iGcg6hkYXMnZ3Wc+b2RSqejEqTaem11mHASMnFilHrax3sLK0GDzcJrekZYLw==",
      "dev": true
    }
  }
}
